{
  "requires": true,
  "lockfileVersion": 1,
  "dependencies": {
    "@types/codemirror": {
      "version": "0.0.109",
      "resolved": "https://registry.npmjs.org/@types/codemirror/-/codemirror-0.0.109.tgz",
      "integrity": "sha512-cSdiHeeLjvGn649lRTNeYrVCDOgDrtP+bDDSFDd1TF+i0jKGPDRozno2NOJ9lTniso+taiv4kiVS8dgM8Jm5lg==",
      "requires": {
        "@types/tern": "*"
      }
    },
    "@types/estree": {
      "version": "0.0.50",
      "resolved": "https://registry.npmjs.org/@types/estree/-/estree-0.0.50.tgz",
      "integrity": "sha512-C6N5s2ZFtuZRj54k2/zyRhNDjJwwcViAM3Nbm8zjBpbqAdZ00mr0CFxvSKeO8Y/e03WVFLpQMdHYVfUd6SB+Hw=="
    },
    "@types/marked": {
      "version": "2.0.5",
      "resolved": "https://registry.npmjs.org/@types/marked/-/marked-2.0.5.tgz",
      "integrity": "sha512-shRZ7XnYFD/8n8zSjKvFdto1QNSf4tONZIlNEZGrJe8GsOE8DL/hG1Hbl8gZlfLnjS7+f5tZGIaTgfpyW38h4w=="
    },
    "@types/tern": {
      "version": "0.23.4",
      "resolved": "https://registry.npmjs.org/@types/tern/-/tern-0.23.4.tgz",
      "integrity": "sha512-JAUw1iXGO1qaWwEOzxTKJZ/5JxVeON9kvGZ/osgZaJImBnyjyn0cjovPsf6FNLmyGY8Vw9DoXZCMlfMkMwHRWg==",
      "requires": {
        "@types/estree": "*"
      }
    },
    "jquery": {
      "version": "3.5.1",
      "resolved": "https://registry.npmjs.org/jquery/-/jquery-3.5.1.tgz",
      "integrity": "sha512-XwIBPqcMn57FxfT+Go5pzySnm4KWkT1Tv7gjrpT1srtf8Weynl6R273VJ5GjkRb51IzMp5nbaPjJXMWeju2MKg=="
    }
  }
}
